{
	"name": "@magnetarjs/plugin-firestore",
	"version": "0.0.0",
	"lockfileVersion": 1,
	"requires": true,
	"dependencies": {
		"@firebase/analytics": {
			"version": "0.4.2",
			"resolved": "https://registry.npmjs.org/@firebase/analytics/-/analytics-0.4.2.tgz",
			"integrity": "sha512-WCoeUAO3lP6ikHJ3/XYptV90fpTidzTS9VpAfiVQK8gl9w1zvvKSavY9U3+EVG3frOPCFdE5DBO4MYrUw4gaqw==",
			"dev": true,
			"requires": {
				"@firebase/analytics-types": "0.3.1",
				"@firebase/component": "0.1.18",
				"@firebase/installations": "0.4.16",
				"@firebase/logger": "0.2.6",
				"@firebase/util": "0.3.1",
				"tslib": "^1.11.1"
			}
		},
		"@firebase/analytics-types": {
			"version": "0.3.1",
			"resolved": "https://registry.npmjs.org/@firebase/analytics-types/-/analytics-types-0.3.1.tgz",
			"integrity": "sha512-63vVJ5NIBh/JF8l9LuPrQYSzFimk7zYHySQB4Dk9rVdJ8kV/vGQoVTvRu1UW05sEc2Ug5PqtEChtTHU+9hvPcA==",
			"dev": true
		},
		"@firebase/app": {
			"version": "0.6.10",
			"resolved": "https://registry.npmjs.org/@firebase/app/-/app-0.6.10.tgz",
			"integrity": "sha512-USg/AbgqBERhY0LayrKmmp7pka08WPa7OlFI46kaNW1pA2mUNf/ifTaxhCr2hGg/eWI0zPhpbEvtGQhSJ/QqWg==",
			"dev": true,
			"requires": {
				"@firebase/app-types": "0.6.1",
				"@firebase/component": "0.1.18",
				"@firebase/logger": "0.2.6",
				"@firebase/util": "0.3.1",
				"dom-storage": "2.1.0",
				"tslib": "^1.11.1",
				"xmlhttprequest": "1.8.0"
			}
		},
		"@firebase/app-types": {
			"version": "0.6.1",
			"resolved": "https://registry.npmjs.org/@firebase/app-types/-/app-types-0.6.1.tgz",
			"integrity": "sha512-L/ZnJRAq7F++utfuoTKX4CLBG5YR7tFO3PLzG1/oXXKEezJ0kRL3CMRoueBEmTCzVb/6SIs2Qlaw++uDgi5Xyg==",
			"dev": true
		},
		"@firebase/auth": {
			"version": "0.14.9",
			"resolved": "https://registry.npmjs.org/@firebase/auth/-/auth-0.14.9.tgz",
			"integrity": "sha512-PxYa2r5qUEdheXTvqROFrMstK8W4uPiP7NVfp+2Bec+AjY5PxZapCx/YFDLkU0D7YBI82H74PtZrzdJZw7TJ4w==",
			"dev": true,
			"requires": {
				"@firebase/auth-types": "0.10.1"
			}
		},
		"@firebase/auth-interop-types": {
			"version": "0.1.5",
			"resolved": "https://registry.npmjs.org/@firebase/auth-interop-types/-/auth-interop-types-0.1.5.tgz",
			"integrity": "sha512-88h74TMQ6wXChPA6h9Q3E1Jg6TkTHep2+k63OWg3s0ozyGVMeY+TTOti7PFPzq5RhszQPQOoCi59es4MaRvgCw==",
			"dev": true
		},
		"@firebase/auth-types": {
			"version": "0.10.1",
			"resolved": "https://registry.npmjs.org/@firebase/auth-types/-/auth-types-0.10.1.tgz",
			"integrity": "sha512-/+gBHb1O9x/YlG7inXfxff/6X3BPZt4zgBv4kql6HEmdzNQCodIRlEYnI+/da+lN+dha7PjaFH7C7ewMmfV7rw==",
			"dev": true
		},
		"@firebase/component": {
			"version": "0.1.18",
			"resolved": "https://registry.npmjs.org/@firebase/component/-/component-0.1.18.tgz",
			"integrity": "sha512-c8gd1k/e0sbBTR0xkLIYUN8nVkA0zWxcXGIvdfYtGEsNw6n7kh5HkcxKXOPB8S7bcPpqZkGgBIfvd94IyG2gaQ==",
			"dev": true,
			"requires": {
				"@firebase/util": "0.3.1",
				"tslib": "^1.11.1"
			}
		},
		"@firebase/database": {
			"version": "0.6.11",
			"resolved": "https://registry.npmjs.org/@firebase/database/-/database-0.6.11.tgz",
			"integrity": "sha512-QOHhB7+CdjVhEXG9CyX0roA9ARJcEuwbozz0Bix+ULuZqjQ58KUFHMH1apW6EEiUP22d/mYD7dNXsUGshjL9PA==",
			"dev": true,
			"requires": {
				"@firebase/auth-interop-types": "0.1.5",
				"@firebase/component": "0.1.18",
				"@firebase/database-types": "0.5.2",
				"@firebase/logger": "0.2.6",
				"@firebase/util": "0.3.1",
				"faye-websocket": "0.11.3",
				"tslib": "^1.11.1"
			}
		},
		"@firebase/database-types": {
			"version": "0.5.2",
			"resolved": "https://registry.npmjs.org/@firebase/database-types/-/database-types-0.5.2.tgz",
			"integrity": "sha512-ap2WQOS3LKmGuVFKUghFft7RxXTyZTDr0Xd8y2aqmWsbJVjgozi0huL/EUMgTjGFrATAjcf2A7aNs8AKKZ2a8g==",
			"dev": true,
			"requires": {
				"@firebase/app-types": "0.6.1"
			}
		},
		"@firebase/firestore": {
			"version": "1.16.6",
			"resolved": "https://registry.npmjs.org/@firebase/firestore/-/firestore-1.16.6.tgz",
			"integrity": "sha512-w04ZS0i8xclGNvwpxt7Q3M9nhUq6pL0G73ZpDizPKB+peTuY/bcks+zrfNKZwDEaM+i0/lg9UZKREr0HtZOJsw==",
			"dev": true,
			"requires": {
				"@firebase/component": "0.1.18",
				"@firebase/firestore-types": "1.12.1",
				"@firebase/logger": "0.2.6",
				"@firebase/util": "0.3.1",
				"@firebase/webchannel-wrapper": "0.3.0",
				"@grpc/grpc-js": "^1.0.0",
				"@grpc/proto-loader": "^0.5.0",
				"node-fetch": "2.6.0",
				"tslib": "^1.11.1"
			}
		},
		"@firebase/firestore-types": {
			"version": "1.12.1",
			"resolved": "https://registry.npmjs.org/@firebase/firestore-types/-/firestore-types-1.12.1.tgz",
			"integrity": "sha512-CpWcDriYnGDoAl0D9DcSuwX0b/fXqi7qOwuuTI1M0SYxau48G8cqhVjzjqPDgEM3kDGYJTnPN3ALS0Z4cnwERQ==",
			"dev": true
		},
		"@firebase/functions": {
			"version": "0.4.50",
			"resolved": "https://registry.npmjs.org/@firebase/functions/-/functions-0.4.50.tgz",
			"integrity": "sha512-eBsNrUm/Jfc/xsQXmxQRSkEg6pwHlMd2hice8N90/EeqgwqS/SCvC+O9cJITLlXroAghb9jWDWRvAkDU/TOhpw==",
			"dev": true,
			"requires": {
				"@firebase/component": "0.1.18",
				"@firebase/functions-types": "0.3.17",
				"@firebase/messaging-types": "0.5.0",
				"isomorphic-fetch": "2.2.1",
				"tslib": "^1.11.1"
			}
		},
		"@firebase/functions-types": {
			"version": "0.3.17",
			"resolved": "https://registry.npmjs.org/@firebase/functions-types/-/functions-types-0.3.17.tgz",
			"integrity": "sha512-DGR4i3VI55KnYk4IxrIw7+VG7Q3gA65azHnZxo98Il8IvYLr2UTBlSh72dTLlDf25NW51HqvJgYJDKvSaAeyHQ==",
			"dev": true
		},
		"@firebase/installations": {
			"version": "0.4.16",
			"resolved": "https://registry.npmjs.org/@firebase/installations/-/installations-0.4.16.tgz",
			"integrity": "sha512-gqv3IrBUmPWKpH8wLJ0fZcAH1NEXwQhqjqnK3cQXRcIkEARP430cmIAaj7CcPdgdemHX9HqwJG+So/yBHIYXPA==",
			"dev": true,
			"requires": {
				"@firebase/component": "0.1.18",
				"@firebase/installations-types": "0.3.4",
				"@firebase/util": "0.3.1",
				"idb": "3.0.2",
				"tslib": "^1.11.1"
			}
		},
		"@firebase/installations-types": {
			"version": "0.3.4",
			"resolved": "https://registry.npmjs.org/@firebase/installations-types/-/installations-types-0.3.4.tgz",
			"integrity": "sha512-RfePJFovmdIXb6rYwtngyxuEcWnOrzdZd9m7xAW0gRxDIjBT20n3BOhjpmgRWXo/DAxRmS7bRjWAyTHY9cqN7Q==",
			"dev": true
		},
		"@firebase/logger": {
			"version": "0.2.6",
			"resolved": "https://registry.npmjs.org/@firebase/logger/-/logger-0.2.6.tgz",
			"integrity": "sha512-KIxcUvW/cRGWlzK9Vd2KB864HlUnCfdTH0taHE0sXW5Xl7+W68suaeau1oKNEqmc3l45azkd4NzXTCWZRZdXrw==",
			"dev": true
		},
		"@firebase/messaging": {
			"version": "0.7.0",
			"resolved": "https://registry.npmjs.org/@firebase/messaging/-/messaging-0.7.0.tgz",
			"integrity": "sha512-PTD5pQw9QremOjiWWZYOkzcX6OKByMvlG+NQXdTnyL3kLbE01Bdp9iWhkH6ipNpHYMiwcK1RZD4TLkYVBviBsw==",
			"dev": true,
			"requires": {
				"@firebase/component": "0.1.18",
				"@firebase/installations": "0.4.16",
				"@firebase/messaging-types": "0.5.0",
				"@firebase/util": "0.3.1",
				"idb": "3.0.2",
				"tslib": "^1.11.1"
			}
		},
		"@firebase/messaging-types": {
			"version": "0.5.0",
			"resolved": "https://registry.npmjs.org/@firebase/messaging-types/-/messaging-types-0.5.0.tgz",
			"integrity": "sha512-QaaBswrU6umJYb/ZYvjR5JDSslCGOH6D9P136PhabFAHLTR4TWjsaACvbBXuvwrfCXu10DtcjMxqfhdNIB1Xfg==",
			"dev": true
		},
		"@firebase/performance": {
			"version": "0.4.0",
			"resolved": "https://registry.npmjs.org/@firebase/performance/-/performance-0.4.0.tgz",
			"integrity": "sha512-LZG89G2wAjTRsIcuewIx152+DyRzQf8UtPCAjifkFiMcAY4GmZZKeIbIC3b4oQDwTgH5i0IKKd4EOv7dLD97gw==",
			"dev": true,
			"requires": {
				"@firebase/component": "0.1.18",
				"@firebase/installations": "0.4.16",
				"@firebase/logger": "0.2.6",
				"@firebase/performance-types": "0.0.13",
				"@firebase/util": "0.3.1",
				"tslib": "^1.11.1"
			}
		},
		"@firebase/performance-types": {
			"version": "0.0.13",
			"resolved": "https://registry.npmjs.org/@firebase/performance-types/-/performance-types-0.0.13.tgz",
			"integrity": "sha512-6fZfIGjQpwo9S5OzMpPyqgYAUZcFzZxHFqOyNtorDIgNXq33nlldTL/vtaUZA8iT9TT5cJlCrF/jthKU7X21EA==",
			"dev": true
		},
		"@firebase/polyfill": {
			"version": "0.3.36",
			"resolved": "https://registry.npmjs.org/@firebase/polyfill/-/polyfill-0.3.36.tgz",
			"integrity": "sha512-zMM9oSJgY6cT2jx3Ce9LYqb0eIpDE52meIzd/oe/y70F+v9u1LDqk5kUF5mf16zovGBWMNFmgzlsh6Wj0OsFtg==",
			"dev": true,
			"requires": {
				"core-js": "3.6.5",
				"promise-polyfill": "8.1.3",
				"whatwg-fetch": "2.0.4"
			},
			"dependencies": {
				"whatwg-fetch": {
					"version": "2.0.4",
					"resolved": "https://registry.npmjs.org/whatwg-fetch/-/whatwg-fetch-2.0.4.tgz",
					"integrity": "sha512-dcQ1GWpOD/eEQ97k66aiEVpNnapVj90/+R+SXTPYGHpYBBypfKJEQjLrvMZ7YXbKm21gXd4NcuxUTjiv1YtLng==",
					"dev": true
				}
			}
		},
		"@firebase/remote-config": {
			"version": "0.1.27",
			"resolved": "https://registry.npmjs.org/@firebase/remote-config/-/remote-config-0.1.27.tgz",
			"integrity": "sha512-BGjmQomRKNf+yGJ/3/5Kw6zNLM5jY9oTVjLmYsQXf6U+HMgz6J2H6EVGc1bZW7YSsvak8f6DomxegQtvfvwaMw==",
			"dev": true,
			"requires": {
				"@firebase/component": "0.1.18",
				"@firebase/installations": "0.4.16",
				"@firebase/logger": "0.2.6",
				"@firebase/remote-config-types": "0.1.9",
				"@firebase/util": "0.3.1",
				"tslib": "^1.11.1"
			}
		},
		"@firebase/remote-config-types": {
			"version": "0.1.9",
			"resolved": "https://registry.npmjs.org/@firebase/remote-config-types/-/remote-config-types-0.1.9.tgz",
			"integrity": "sha512-G96qnF3RYGbZsTRut7NBX0sxyczxt1uyCgXQuH/eAfUCngxjEGcZQnBdy6mvSdqdJh5mC31rWPO4v9/s7HwtzA==",
			"dev": true
		},
		"@firebase/storage": {
			"version": "0.3.42",
			"resolved": "https://registry.npmjs.org/@firebase/storage/-/storage-0.3.42.tgz",
			"integrity": "sha512-FqHDWZPhATQeOFBQUZPsQO7xhnGBxprYVDb9eIjCnh1yRl6WAv/OQGHOF+JU5+H+YkjsKTtr/5VjyDl3Y0UHxw==",
			"dev": true,
			"requires": {
				"@firebase/component": "0.1.18",
				"@firebase/storage-types": "0.3.13",
				"@firebase/util": "0.3.1",
				"tslib": "^1.11.1"
			}
		},
		"@firebase/storage-types": {
			"version": "0.3.13",
			"resolved": "https://registry.npmjs.org/@firebase/storage-types/-/storage-types-0.3.13.tgz",
			"integrity": "sha512-pL7b8d5kMNCCL0w9hF7pr16POyKkb3imOW7w0qYrhBnbyJTdVxMWZhb0HxCFyQWC0w3EiIFFmxoz8NTFZDEFog==",
			"dev": true
		},
		"@firebase/util": {
			"version": "0.3.1",
			"resolved": "https://registry.npmjs.org/@firebase/util/-/util-0.3.1.tgz",
			"integrity": "sha512-zjVd9rfL08dRRdZILFn1RZTHb1euCcnD9N/9P56gdBcm2bvT5XsCC4G6t5toQBpE/H/jYe5h6MZMqfLu3EQLXw==",
			"dev": true,
			"requires": {
				"tslib": "^1.11.1"
			}
		},
		"@firebase/webchannel-wrapper": {
			"version": "0.3.0",
			"resolved": "https://registry.npmjs.org/@firebase/webchannel-wrapper/-/webchannel-wrapper-0.3.0.tgz",
			"integrity": "sha512-VniCGPIgSGNEgOkh5phb3iKmSGIzcwrccy3IomMFRWPCMiCk2y98UQNJEoDs1yIHtZMstVjYWKYxnunIGzC5UQ==",
			"dev": true
		},
		"@grpc/grpc-js": {
			"version": "1.1.5",
			"resolved": "https://registry.npmjs.org/@grpc/grpc-js/-/grpc-js-1.1.5.tgz",
			"integrity": "sha512-2huf5z85TdZI4nLmJQ9Zdfd+6vmIyBDs7B4L71bTaHKA9pRsGKAH24XaktMk/xneKJIqAgeIZtg1cyivVZtvrg==",
			"dev": true,
			"requires": {
				"@grpc/proto-loader": "^0.6.0-pre14",
				"@types/node": "^12.12.47",
				"google-auth-library": "^6.0.0",
				"semver": "^6.2.0"
			},
			"dependencies": {
				"@grpc/proto-loader": {
					"version": "0.6.0-pre9",
					"resolved": "https://registry.npmjs.org/@grpc/proto-loader/-/proto-loader-0.6.0-pre9.tgz",
					"integrity": "sha512-oM+LjpEjNzW5pNJjt4/hq1HYayNeQT+eGrOPABJnYHv7TyNPDNzkQ76rDYZF86X5swJOa4EujEMzQ9iiTdPgww==",
					"dev": true,
					"requires": {
						"@types/long": "^4.0.1",
						"lodash.camelcase": "^4.3.0",
						"long": "^4.0.0",
						"protobufjs": "^6.9.0",
						"yargs": "^15.3.1"
					}
				}
			}
		},
		"@grpc/proto-loader": {
			"version": "0.5.5",
			"resolved": "https://registry.npmjs.org/@grpc/proto-loader/-/proto-loader-0.5.5.tgz",
			"integrity": "sha512-WwN9jVNdHRQoOBo9FDH7qU+mgfjPc8GygPYms3M+y3fbQLfnCe/Kv/E01t7JRgnrsOHH8euvSbed3mIalXhwqQ==",
			"dev": true,
			"requires": {
				"lodash.camelcase": "^4.3.0",
				"protobufjs": "^6.8.6"
			}
		},
		"@protobufjs/aspromise": {
			"version": "1.1.2",
			"resolved": "https://registry.npmjs.org/@protobufjs/aspromise/-/aspromise-1.1.2.tgz",
			"integrity": "sha1-m4sMxmPWaafY9vXQiToU00jzD78=",
			"dev": true
		},
		"@protobufjs/base64": {
			"version": "1.1.2",
			"resolved": "https://registry.npmjs.org/@protobufjs/base64/-/base64-1.1.2.tgz",
			"integrity": "sha512-AZkcAA5vnN/v4PDqKyMR5lx7hZttPDgClv83E//FMNhR2TMcLUhfRUBHCmSl0oi9zMgDDqRUJkSxO3wm85+XLg==",
			"dev": true
		},
		"@protobufjs/codegen": {
			"version": "2.0.4",
			"resolved": "https://registry.npmjs.org/@protobufjs/codegen/-/codegen-2.0.4.tgz",
			"integrity": "sha512-YyFaikqM5sH0ziFZCN3xDC7zeGaB/d0IUb9CATugHWbd1FRFwWwt4ld4OYMPWu5a3Xe01mGAULCdqhMlPl29Jg==",
			"dev": true
		},
		"@protobufjs/eventemitter": {
			"version": "1.1.0",
			"resolved": "https://registry.npmjs.org/@protobufjs/eventemitter/-/eventemitter-1.1.0.tgz",
			"integrity": "sha1-NVy8mLr61ZePntCV85diHx0Ga3A=",
			"dev": true
		},
		"@protobufjs/fetch": {
			"version": "1.1.0",
			"resolved": "https://registry.npmjs.org/@protobufjs/fetch/-/fetch-1.1.0.tgz",
			"integrity": "sha1-upn7WYYUr2VwDBYZ/wbUVLDYTEU=",
			"dev": true,
			"requires": {
				"@protobufjs/aspromise": "^1.1.1",
				"@protobufjs/inquire": "^1.1.0"
			}
		},
		"@protobufjs/float": {
			"version": "1.0.2",
			"resolved": "https://registry.npmjs.org/@protobufjs/float/-/float-1.0.2.tgz",
			"integrity": "sha1-Xp4avctz/Ap8uLKR33jIy9l7h9E=",
			"dev": true
		},
		"@protobufjs/inquire": {
			"version": "1.1.0",
			"resolved": "https://registry.npmjs.org/@protobufjs/inquire/-/inquire-1.1.0.tgz",
			"integrity": "sha1-/yAOPnzyQp4tyvwRQIKOjMY48Ik=",
			"dev": true
		},
		"@protobufjs/path": {
			"version": "1.1.2",
			"resolved": "https://registry.npmjs.org/@protobufjs/path/-/path-1.1.2.tgz",
			"integrity": "sha1-bMKyDFya1q0NzP0hynZz2Nf79o0=",
			"dev": true
		},
		"@protobufjs/pool": {
			"version": "1.1.0",
			"resolved": "https://registry.npmjs.org/@protobufjs/pool/-/pool-1.1.0.tgz",
			"integrity": "sha1-Cf0V8tbTq/qbZbw2ZQbWrXhG/1Q=",
			"dev": true
		},
		"@protobufjs/utf8": {
			"version": "1.1.0",
			"resolved": "https://registry.npmjs.org/@protobufjs/utf8/-/utf8-1.1.0.tgz",
			"integrity": "sha1-p3c2C1s5oaLlEG+OhY8v0tBgxXA=",
			"dev": true
		},
		"@types/color-name": {
			"version": "1.1.1",
			"resolved": "https://registry.npmjs.org/@types/color-name/-/color-name-1.1.1.tgz",
			"integrity": "sha512-rr+OQyAjxze7GgWrSaJwydHStIhHq2lvY3BOC2Mj7KnzI7XK0Uw1TOOdI9lDoajEbSWLiYgoo4f1R51erQfhPQ==",
			"dev": true
		},
		"@types/long": {
			"version": "4.0.1",
			"resolved": "https://registry.npmjs.org/@types/long/-/long-4.0.1.tgz",
			"integrity": "sha512-5tXH6Bx/kNGd3MgffdmP4dy2Z+G4eaXw0SE81Tq3BNadtnMR5/ySMzX4SLEzHJzSmPNn4HIdpQsBvXMUykr58w==",
			"dev": true
		},
		"@types/node": {
			"version": "12.12.55",
			"resolved": "https://registry.npmjs.org/@types/node/-/node-12.12.55.tgz",
			"integrity": "sha512-Vd6xQUVvPCTm7Nx1N7XHcpX6t047ltm7TgcsOr4gFHjeYgwZevo+V7I1lfzHnj5BT5frztZ42+RTG4MwYw63dw==",
			"dev": true
		},
		"abort-controller": {
			"version": "3.0.0",
			"resolved": "https://registry.npmjs.org/abort-controller/-/abort-controller-3.0.0.tgz",
			"integrity": "sha512-h8lQ8tacZYnR3vNQTgibj+tODHI5/+l06Au2Pcriv/Gmet0eaj4TwWH41sO9wnHDiQsEj19q0drzdWdeAHtweg==",
			"dev": true,
			"requires": {
				"event-target-shim": "^5.0.0"
			}
		},
		"agent-base": {
			"version": "6.0.1",
			"resolved": "https://registry.npmjs.org/agent-base/-/agent-base-6.0.1.tgz",
			"integrity": "sha512-01q25QQDwLSsyfhrKbn8yuur+JNw0H+0Y4JiGIKd3z9aYk/w/2kxD/Upc+t2ZBBSUNff50VjPsSW2YxM8QYKVg==",
			"dev": true,
			"requires": {
				"debug": "4"
			}
		},
		"ansi-regex": {
			"version": "5.0.0",
			"resolved": "https://registry.npmjs.org/ansi-regex/-/ansi-regex-5.0.0.tgz",
			"integrity": "sha512-bY6fj56OUQ0hU1KjFNDQuJFezqKdrAyFdIevADiqrWHwSlbmBNMHp5ak2f40Pm8JTFyM2mqxkG6ngkHO11f/lg==",
			"dev": true
		},
		"ansi-styles": {
			"version": "4.2.1",
			"resolved": "https://registry.npmjs.org/ansi-styles/-/ansi-styles-4.2.1.tgz",
			"integrity": "sha512-9VGjrMsG1vePxcSweQsN20KY/c4zN0h9fLjqAbwbPfahM3t+NL+M9HC8xeXG2I8pX5NoamTGNuomEUFI7fcUjA==",
			"dev": true,
			"requires": {
				"@types/color-name": "^1.1.1",
				"color-convert": "^2.0.1"
			}
		},
		"arrify": {
			"version": "2.0.1",
			"resolved": "https://registry.npmjs.org/arrify/-/arrify-2.0.1.tgz",
			"integrity": "sha512-3duEwti880xqi4eAMN8AyR4a0ByT90zoYdLlevfrvU43vb0YZwZVfxOgxWrLXXXpyugL0hNZc9G6BiB5B3nUug==",
			"dev": true
		},
		"base64-js": {
			"version": "1.3.1",
			"resolved": "https://registry.npmjs.org/base64-js/-/base64-js-1.3.1.tgz",
			"integrity": "sha512-mLQ4i2QO1ytvGWFWmcngKO//JXAQueZvwEKtjgQFM4jIK0kU+ytMfplL8j+n5mspOfjHwoAg+9yhb7BwAHm36g==",
			"dev": true
		},
		"bignumber.js": {
			"version": "9.0.0",
			"resolved": "https://registry.npmjs.org/bignumber.js/-/bignumber.js-9.0.0.tgz",
			"integrity": "sha512-t/OYhhJ2SD+YGBQcjY8GzzDHEk9f3nerxjtfa6tlMXfe7frs/WozhvCNoGvpM0P3bNf3Gq5ZRMlGr5f3r4/N8A==",
			"dev": true
		},
		"buffer-equal-constant-time": {
			"version": "1.0.1",
			"resolved": "https://registry.npmjs.org/buffer-equal-constant-time/-/buffer-equal-constant-time-1.0.1.tgz",
			"integrity": "sha1-+OcRMvf/5uAaXJaXpMbz5I1cyBk=",
			"dev": true
		},
		"camelcase": {
			"version": "5.3.1",
			"resolved": "https://registry.npmjs.org/camelcase/-/camelcase-5.3.1.tgz",
			"integrity": "sha512-L28STB170nwWS63UjtlEOE3dldQApaJXZkOI1uMFfzf3rRuPegHaHesyee+YxQ+W6SvRDQV6UrdOdRiR153wJg==",
			"dev": true
		},
		"cliui": {
			"version": "6.0.0",
			"resolved": "https://registry.npmjs.org/cliui/-/cliui-6.0.0.tgz",
			"integrity": "sha512-t6wbgtoCXvAzst7QgXxJYqPt0usEfbgQdftEPbLL/cvv6HPE5VgvqCuAIDR0NgU52ds6rFwqrgakNLrHEjCbrQ==",
			"dev": true,
			"requires": {
				"string-width": "^4.2.0",
				"strip-ansi": "^6.0.0",
				"wrap-ansi": "^6.2.0"
			}
		},
		"color-convert": {
			"version": "2.0.1",
			"resolved": "https://registry.npmjs.org/color-convert/-/color-convert-2.0.1.tgz",
			"integrity": "sha512-RRECPsj7iu/xb5oKYcsFHSppFNnsj/52OVTRKb4zP5onXwVF3zVmmToNcOfGC+CRDpfK/U584fMg38ZHCaElKQ==",
			"dev": true,
			"requires": {
				"color-name": "~1.1.4"
			}
		},
		"color-name": {
			"version": "1.1.4",
			"resolved": "https://registry.npmjs.org/color-name/-/color-name-1.1.4.tgz",
			"integrity": "sha512-dOy+3AuW3a2wNbZHIuMZpTcgjGuLU/uBL/ubcZF9OXbDo8ff4O8yVp5Bf0efS8uEoYo5q4Fx7dY9OgQGXgAsQA==",
			"dev": true
		},
		"core-js": {
			"version": "3.6.5",
			"resolved": "https://registry.npmjs.org/core-js/-/core-js-3.6.5.tgz",
			"integrity": "sha512-vZVEEwZoIsI+vPEuoF9Iqf5H7/M3eeQqWlQnYa8FSKKePuYTf5MWnxb5SDAzCa60b3JBRS5g9b+Dq7b1y/RCrA==",
			"dev": true
		},
		"debug": {
			"version": "4.1.1",
			"resolved": "https://registry.npmjs.org/debug/-/debug-4.1.1.tgz",
			"integrity": "sha512-pYAIzeRo8J6KPEaJ0VWOh5Pzkbw/RetuzehGM7QRRX5he4fPHx2rdKMB256ehJCkX+XRQm16eZLqLNS8RSZXZw==",
			"dev": true,
			"requires": {
				"ms": "^2.1.1"
			}
		},
		"decamelize": {
			"version": "1.2.0",
			"resolved": "https://registry.npmjs.org/decamelize/-/decamelize-1.2.0.tgz",
			"integrity": "sha1-9lNNFRSCabIDUue+4m9QH5oZEpA=",
			"dev": true
		},
		"dom-storage": {
			"version": "2.1.0",
			"resolved": "https://registry.npmjs.org/dom-storage/-/dom-storage-2.1.0.tgz",
			"integrity": "sha512-g6RpyWXzl0RR6OTElHKBl7nwnK87GUyZMYC7JWsB/IA73vpqK2K6LT39x4VepLxlSsWBFrPVLnsSR5Jyty0+2Q==",
			"dev": true
		},
		"ecdsa-sig-formatter": {
			"version": "1.0.11",
			"resolved": "https://registry.npmjs.org/ecdsa-sig-formatter/-/ecdsa-sig-formatter-1.0.11.tgz",
			"integrity": "sha512-nagl3RYrbNv6kQkeJIpt6NJZy8twLB/2vtz6yN9Z4vRKHN4/QZJIEbqohALSgwKdnksuY3k5Addp5lg8sVoVcQ==",
			"dev": true,
			"requires": {
				"safe-buffer": "^5.0.1"
			}
		},
		"emoji-regex": {
			"version": "8.0.0",
			"resolved": "https://registry.npmjs.org/emoji-regex/-/emoji-regex-8.0.0.tgz",
			"integrity": "sha512-MSjYzcWNOA0ewAHpz0MxpYFvwg6yjy1NG3xteoqz644VCo/RPgnr1/GGt+ic3iJTzQ8Eu3TdM14SawnVUmGE6A==",
			"dev": true
		},
		"encoding": {
			"version": "0.1.13",
			"resolved": "https://registry.npmjs.org/encoding/-/encoding-0.1.13.tgz",
			"integrity": "sha512-ETBauow1T35Y/WZMkio9jiM0Z5xjHHmJ4XmjZOq1l/dXz3lr2sRn87nJy20RupqSh1F2m3HHPSp8ShIPQJrJ3A==",
			"dev": true,
			"requires": {
				"iconv-lite": "^0.6.2"
			}
		},
		"event-target-shim": {
			"version": "5.0.1",
			"resolved": "https://registry.npmjs.org/event-target-shim/-/event-target-shim-5.0.1.tgz",
			"integrity": "sha512-i/2XbnSz/uxRCU6+NdVJgKWDTM427+MqYbkQzD321DuCQJUqOuJKIA0IM2+W2xtYHdKOmZ4dR6fExsd4SXL+WQ==",
			"dev": true
		},
		"extend": {
			"version": "3.0.2",
			"resolved": "https://registry.npmjs.org/extend/-/extend-3.0.2.tgz",
			"integrity": "sha512-fjquC59cD7CyW6urNXK0FBufkZcoiGG80wTuPujX590cB5Ttln20E2UB4S/WARVqhXffZl2LNgS+gQdPIIim/g==",
			"dev": true
		},
		"fast-text-encoding": {
			"version": "1.0.3",
			"resolved": "https://registry.npmjs.org/fast-text-encoding/-/fast-text-encoding-1.0.3.tgz",
			"integrity": "sha512-dtm4QZH9nZtcDt8qJiOH9fcQd1NAgi+K1O2DbE6GG1PPCK/BWfOH3idCTRQ4ImXRUOyopDEgDEnVEE7Y/2Wrig==",
			"dev": true
		},
		"faye-websocket": {
			"version": "0.11.3",
			"resolved": "https://registry.npmjs.org/faye-websocket/-/faye-websocket-0.11.3.tgz",
			"integrity": "sha512-D2y4bovYpzziGgbHYtGCMjlJM36vAl/y+xUyn1C+FVx8szd1E+86KwVw6XvYSzOP8iMpm1X0I4xJD+QtUb36OA==",
			"dev": true,
			"requires": {
				"websocket-driver": ">=0.5.1"
			}
		},
		"filter-anything": {
			"version": "2.1.4",
			"resolved": "https://registry.npmjs.org/filter-anything/-/filter-anything-2.1.4.tgz",
			"integrity": "sha512-YlCEHizaR7u6hjYkp0fetNv1pas7B+DHFYPK2tid3z/9QnB+vHRS2eOaykfYo83kbF/+sikitc6yWAqSJBFpFQ==",
			"requires": {
				"is-what": "^3.10.0",
				"ts-toolbelt": "6.12.2"
			},
			"dependencies": {
				"ts-toolbelt": {
					"version": "6.12.2",
					"resolved": "https://registry.npmjs.org/ts-toolbelt/-/ts-toolbelt-6.12.2.tgz",
					"integrity": "sha512-Z9VWXJ32UpLrjw5OqieJ944heNN5gkVm69VLvVf9GgrdxoxPiM4ughyYFip6pIDqRnrVuiegMTD48zxnOW5j/Q=="
				}
			}
		},
		"find-up": {
			"version": "4.1.0",
			"resolved": "https://registry.npmjs.org/find-up/-/find-up-4.1.0.tgz",
			"integrity": "sha512-PpOwAdQ/YlXQ2vj8a3h8IipDuYRi3wceVQQGYWxNINccq40Anw7BlsEXCMbt1Zt+OLA6Fq9suIpIWD0OsnISlw==",
			"dev": true,
			"requires": {
				"locate-path": "^5.0.0",
				"path-exists": "^4.0.0"
			}
		},
		"firebase": {
			"version": "7.19.1",
			"resolved": "https://registry.npmjs.org/firebase/-/firebase-7.19.1.tgz",
			"integrity": "sha512-kZUbxN4amrKZc2pkmAMqQtWNkb608rCZLL61NC0X/UXI1euWhIFXdCGQNBlEdOlUwDLBGwNpyTBhQtL4UYHEZw==",
			"dev": true,
			"requires": {
				"@firebase/analytics": "0.4.2",
				"@firebase/app": "0.6.10",
				"@firebase/app-types": "0.6.1",
				"@firebase/auth": "0.14.9",
				"@firebase/database": "0.6.11",
				"@firebase/firestore": "1.16.6",
				"@firebase/functions": "0.4.50",
				"@firebase/installations": "0.4.16",
				"@firebase/messaging": "0.7.0",
				"@firebase/performance": "0.4.0",
				"@firebase/polyfill": "0.3.36",
				"@firebase/remote-config": "0.1.27",
				"@firebase/storage": "0.3.42",
				"@firebase/util": "0.3.1"
			}
		},
		"flatten-anything": {
			"version": "2.0.2",
			"resolved": "https://registry.npmjs.org/flatten-anything/-/flatten-anything-2.0.2.tgz",
			"integrity": "sha512-B/BTgEpaZAZdsZ/RgReAOW0nZZVARANpUpDOVpvQKVvAqWl8/baU5nNhvUDYq3xujhrecdGevf45OKB8qz9Kbg==",
			"requires": {
				"filter-anything": "^2.1.4",
				"is-what": "^3.10.0",
				"ts-toolbelt": "6.12.2"
			},
			"dependencies": {
				"ts-toolbelt": {
					"version": "6.12.2",
					"resolved": "https://registry.npmjs.org/ts-toolbelt/-/ts-toolbelt-6.12.2.tgz",
					"integrity": "sha512-Z9VWXJ32UpLrjw5OqieJ944heNN5gkVm69VLvVf9GgrdxoxPiM4ughyYFip6pIDqRnrVuiegMTD48zxnOW5j/Q=="
				}
			}
		},
		"gaxios": {
			"version": "3.1.0",
			"resolved": "https://registry.npmjs.org/gaxios/-/gaxios-3.1.0.tgz",
			"integrity": "sha512-DDTn3KXVJJigtz+g0J3vhcfbDbKtAroSTxauWsdnP57sM5KZ3d2c/3D9RKFJ86s43hfw6WULg6TXYw/AYiBlpA==",
			"dev": true,
			"requires": {
				"abort-controller": "^3.0.0",
				"extend": "^3.0.2",
				"https-proxy-agent": "^5.0.0",
				"is-stream": "^2.0.0",
				"node-fetch": "^2.3.0"
			}
		},
		"gcp-metadata": {
			"version": "4.1.4",
			"resolved": "https://registry.npmjs.org/gcp-metadata/-/gcp-metadata-4.1.4.tgz",
			"integrity": "sha512-5J/GIH0yWt/56R3dNaNWPGQ/zXsZOddYECfJaqxFWgrZ9HC2Kvc5vl9upOgUUHKzURjAVf2N+f6tEJiojqXUuA==",
			"dev": true,
			"requires": {
				"gaxios": "^3.0.0",
				"json-bigint": "^1.0.0"
			}
		},
		"get-caller-file": {
			"version": "2.0.5",
			"resolved": "https://registry.npmjs.org/get-caller-file/-/get-caller-file-2.0.5.tgz",
			"integrity": "sha512-DyFP3BM/3YHTQOCUL/w0OZHR0lpKeGrxotcHWcqNEdnltqFwXVfhEBQ94eIo34AfQpo0rGki4cyIiftY06h2Fg==",
			"dev": true
		},
		"google-auth-library": {
			"version": "6.0.6",
			"resolved": "https://registry.npmjs.org/google-auth-library/-/google-auth-library-6.0.6.tgz",
			"integrity": "sha512-fWYdRdg55HSJoRq9k568jJA1lrhg9i2xgfhVIMJbskUmbDpJGHsbv9l41DGhCDXM21F9Kn4kUwdysgxSYBYJUw==",
			"dev": true,
			"requires": {
				"arrify": "^2.0.0",
				"base64-js": "^1.3.0",
				"ecdsa-sig-formatter": "^1.0.11",
				"fast-text-encoding": "^1.0.0",
				"gaxios": "^3.0.0",
				"gcp-metadata": "^4.1.0",
				"gtoken": "^5.0.0",
				"jws": "^4.0.0",
				"lru-cache": "^6.0.0"
			}
		},
		"google-p12-pem": {
			"version": "3.0.3",
			"resolved": "https://registry.npmjs.org/google-p12-pem/-/google-p12-pem-3.0.3.tgz",
			"integrity": "sha512-wS0ek4ZtFx/ACKYF3JhyGe5kzH7pgiQ7J5otlumqR9psmWMYc+U9cErKlCYVYHoUaidXHdZ2xbo34kB+S+24hA==",
			"dev": true,
			"requires": {
				"node-forge": "^0.10.0"
			}
		},
		"gtoken": {
			"version": "5.0.3",
			"resolved": "https://registry.npmjs.org/gtoken/-/gtoken-5.0.3.tgz",
			"integrity": "sha512-Nyd1wZCMRc2dj/mAD0LlfQLcAO06uKdpKJXvK85SGrF5+5+Bpfil9u/2aw35ltvEHjvl0h5FMKN5knEU+9JrOg==",
			"dev": true,
			"requires": {
				"gaxios": "^3.0.0",
				"google-p12-pem": "^3.0.0",
				"jws": "^4.0.0",
				"mime": "^2.2.0"
			}
		},
		"http-parser-js": {
			"version": "0.5.2",
			"resolved": "https://registry.npmjs.org/http-parser-js/-/http-parser-js-0.5.2.tgz",
			"integrity": "sha512-opCO9ASqg5Wy2FNo7A0sxy71yGbbkJJXLdgMK04Tcypw9jr2MgWbyubb0+WdmDmGnFflO7fRbqbaihh/ENDlRQ==",
			"dev": true
		},
		"https-proxy-agent": {
			"version": "5.0.0",
			"resolved": "https://registry.npmjs.org/https-proxy-agent/-/https-proxy-agent-5.0.0.tgz",
			"integrity": "sha512-EkYm5BcKUGiduxzSt3Eppko+PiNWNEpa4ySk9vTC6wDsQJW9rHSa+UhGNJoRYp7bz6Ht1eaRIa6QaJqO5rCFbA==",
			"dev": true,
			"requires": {
				"agent-base": "6",
				"debug": "4"
			}
		},
		"iconv-lite": {
			"version": "0.6.2",
			"resolved": "https://registry.npmjs.org/iconv-lite/-/iconv-lite-0.6.2.tgz",
			"integrity": "sha512-2y91h5OpQlolefMPmUlivelittSWy0rP+oYVpn6A7GwVHNE8AWzoYOBNmlwks3LobaJxgHCYZAnyNo2GgpNRNQ==",
			"dev": true,
			"requires": {
				"safer-buffer": ">= 2.1.2 < 3.0.0"
			}
		},
		"idb": {
			"version": "3.0.2",
			"resolved": "https://registry.npmjs.org/idb/-/idb-3.0.2.tgz",
			"integrity": "sha512-+FLa/0sTXqyux0o6C+i2lOR0VoS60LU/jzUo5xjfY6+7sEEgy4Gz1O7yFBXvjd7N0NyIGWIRg8DcQSLEG+VSPw==",
			"dev": true
		},
		"is-fullwidth-code-point": {
			"version": "3.0.0",
			"resolved": "https://registry.npmjs.org/is-fullwidth-code-point/-/is-fullwidth-code-point-3.0.0.tgz",
			"integrity": "sha512-zymm5+u+sCsSWyD9qNaejV3DFvhCKclKdizYaJUuHA83RLjb7nSuGnddCHGv0hk+KY7BMAlsWeK4Ueg6EV6XQg==",
			"dev": true
		},
		"is-stream": {
			"version": "2.0.0",
			"resolved": "https://registry.npmjs.org/is-stream/-/is-stream-2.0.0.tgz",
			"integrity": "sha512-XCoy+WlUr7d1+Z8GgSuXmpuUFC9fOhRXglJMx+dwLKTkL44Cjd4W1Z5P+BQZpr+cR93aGP4S/s7Ftw6Nd/kiEw==",
			"dev": true
		},
		"is-what": {
			"version": "3.11.2",
			"resolved": "https://registry.npmjs.org/is-what/-/is-what-3.11.2.tgz",
			"integrity": "sha512-m7LzBsC9TqUhkBrozSmmWfVO7VYnjk9UHu0U+Y8BiJRnc1TYIK/3Qv4DteuiBpn2S4K7n3N4WNC4pe6wEx2xYg=="
		},
		"isomorphic-fetch": {
			"version": "2.2.1",
			"resolved": "https://registry.npmjs.org/isomorphic-fetch/-/isomorphic-fetch-2.2.1.tgz",
			"integrity": "sha1-YRrhrPFPXoH3KVB0coGf6XM1WKk=",
			"dev": true,
			"requires": {
				"node-fetch": "^1.0.1",
				"whatwg-fetch": ">=0.10.0"
			},
			"dependencies": {
				"is-stream": {
					"version": "1.1.0",
					"resolved": "https://registry.npmjs.org/is-stream/-/is-stream-1.1.0.tgz",
					"integrity": "sha1-EtSj3U5o4Lec6428hBc66A2RykQ=",
					"dev": true
				},
				"node-fetch": {
					"version": "1.7.3",
					"resolved": "https://registry.npmjs.org/node-fetch/-/node-fetch-1.7.3.tgz",
					"integrity": "sha512-NhZ4CsKx7cYm2vSrBAr2PvFOe6sWDf0UYLRqA6svUYg7+/TSfVAu49jYC4BvQ4Sms9SZgdqGBgroqfDhJdTyKQ==",
					"dev": true,
					"requires": {
						"encoding": "^0.1.11",
						"is-stream": "^1.0.1"
					}
				}
			}
		},
		"json-bigint": {
			"version": "1.0.0",
			"resolved": "https://registry.npmjs.org/json-bigint/-/json-bigint-1.0.0.tgz",
			"integrity": "sha512-SiPv/8VpZuWbvLSMtTDU8hEfrZWg/mH/nV/b4o0CYbSxu1UIQPLdwKOCIyLQX+VIPO5vrLX3i8qtqFyhdPSUSQ==",
			"dev": true,
			"requires": {
				"bignumber.js": "^9.0.0"
			}
		},
		"jwa": {
			"version": "2.0.0",
			"resolved": "https://registry.npmjs.org/jwa/-/jwa-2.0.0.tgz",
			"integrity": "sha512-jrZ2Qx916EA+fq9cEAeCROWPTfCwi1IVHqT2tapuqLEVVDKFDENFw1oL+MwrTvH6msKxsd1YTDVw6uKEcsrLEA==",
			"dev": true,
			"requires": {
				"buffer-equal-constant-time": "1.0.1",
				"ecdsa-sig-formatter": "1.0.11",
				"safe-buffer": "^5.0.1"
			}
		},
		"jws": {
			"version": "4.0.0",
			"resolved": "https://registry.npmjs.org/jws/-/jws-4.0.0.tgz",
			"integrity": "sha512-KDncfTmOZoOMTFG4mBlG0qUIOlc03fmzH+ru6RgYVZhPkyiy/92Owlt/8UEN+a4TXR1FQetfIpJE8ApdvdVxTg==",
			"dev": true,
			"requires": {
				"jwa": "^2.0.0",
				"safe-buffer": "^5.0.1"
			}
		},
		"locate-path": {
			"version": "5.0.0",
			"resolved": "https://registry.npmjs.org/locate-path/-/locate-path-5.0.0.tgz",
			"integrity": "sha512-t7hw9pI+WvuwNJXwk5zVHpyhIqzg2qTlklJOf0mVxGSbe3Fp2VieZcduNYjaLDoy6p9uGpQEGWG87WpMKlNq8g==",
			"dev": true,
			"requires": {
				"p-locate": "^4.1.0"
			}
		},
		"lodash.camelcase": {
			"version": "4.3.0",
			"resolved": "https://registry.npmjs.org/lodash.camelcase/-/lodash.camelcase-4.3.0.tgz",
			"integrity": "sha1-soqmKIorn8ZRA1x3EfZathkDMaY=",
			"dev": true
		},
		"long": {
			"version": "4.0.0",
			"resolved": "https://registry.npmjs.org/long/-/long-4.0.0.tgz",
			"integrity": "sha512-XsP+KhQif4bjX1kbuSiySJFNAehNxgLb6hPRGJ9QsUr8ajHkuXGdrHmFUTUUXhDwVX2R5bY4JNZEwbUiMhV+MA==",
			"dev": true
		},
		"lru-cache": {
			"version": "6.0.0",
			"resolved": "https://registry.npmjs.org/lru-cache/-/lru-cache-6.0.0.tgz",
			"integrity": "sha512-Jo6dJ04CmSjuznwJSS3pUeWmd/H0ffTlkXXgwZi+eq1UCmqQwCh+eLsYOYCwY991i2Fah4h1BEMCx4qThGbsiA==",
			"dev": true,
			"requires": {
				"yallist": "^4.0.0"
			}
		},
		"mime": {
			"version": "2.4.6",
			"resolved": "https://registry.npmjs.org/mime/-/mime-2.4.6.tgz",
			"integrity": "sha512-RZKhC3EmpBchfTGBVb8fb+RL2cWyw/32lshnsETttkBAyAUXSGHxbEJWWRXc751DrIxG1q04b8QwMbAwkRPpUA==",
			"dev": true
		},
		"ms": {
			"version": "2.1.2",
			"resolved": "https://registry.npmjs.org/ms/-/ms-2.1.2.tgz",
			"integrity": "sha512-sGkPx+VjMtmA6MX27oA4FBFELFCZZ4S4XqeGOXCv68tT+jb3vk/RyaKWP0PTKyWtmLSM0b+adUTEvbs1PEaH2w==",
			"dev": true
		},
		"node-fetch": {
			"version": "2.6.0",
			"resolved": "https://registry.npmjs.org/node-fetch/-/node-fetch-2.6.0.tgz",
			"integrity": "sha512-8dG4H5ujfvFiqDmVu9fQ5bOHUC15JMjMY/Zumv26oOvvVJjM67KF8koCWIabKQ1GJIa9r2mMZscBq/TbdOcmNA==",
			"dev": true
		},
		"node-forge": {
			"version": "0.10.0",
			"resolved": "https://registry.npmjs.org/node-forge/-/node-forge-0.10.0.tgz",
			"integrity": "sha512-PPmu8eEeG9saEUvI97fm4OYxXVB6bFvyNTyiUOBichBpFG8A1Ljw3bY62+5oOjDEMHRnd0Y7HQ+x7uzxOzC6JA==",
			"dev": true
		},
		"p-limit": {
			"version": "2.3.0",
			"resolved": "https://registry.npmjs.org/p-limit/-/p-limit-2.3.0.tgz",
			"integrity": "sha512-//88mFWSJx8lxCzwdAABTJL2MyWB12+eIY7MDL2SqLmAkeKU9qxRvWuSyTjm3FUmpBEMuFfckAIqEaVGUDxb6w==",
			"dev": true,
			"requires": {
				"p-try": "^2.0.0"
			}
		},
		"p-locate": {
			"version": "4.1.0",
			"resolved": "https://registry.npmjs.org/p-locate/-/p-locate-4.1.0.tgz",
			"integrity": "sha512-R79ZZ/0wAxKGu3oYMlz8jy/kbhsNrS7SKZ7PxEHBgJ5+F2mtFW2fK2cOtBh1cHYkQsbzFV7I+EoRKe6Yt0oK7A==",
			"dev": true,
			"requires": {
				"p-limit": "^2.2.0"
			}
		},
		"p-try": {
			"version": "2.2.0",
			"resolved": "https://registry.npmjs.org/p-try/-/p-try-2.2.0.tgz",
			"integrity": "sha512-R4nPAVTAU0B9D35/Gk3uJf/7XYbQcyohSKdvAxIRSNghFl4e71hVoGnBNQz9cWaXxO2I10KTC+3jMdvvoKw6dQ==",
			"dev": true
		},
		"path-exists": {
			"version": "4.0.0",
			"resolved": "https://registry.npmjs.org/path-exists/-/path-exists-4.0.0.tgz",
			"integrity": "sha512-ak9Qy5Q7jYb2Wwcey5Fpvg2KoAc/ZIhLSLOSBmRmygPsGwkVVt0fZa0qrtMz+m6tJTAHfZQ8FnmB4MG4LWy7/w==",
			"dev": true
		},
		"promise-polyfill": {
			"version": "8.1.3",
			"resolved": "https://registry.npmjs.org/promise-polyfill/-/promise-polyfill-8.1.3.tgz",
			"integrity": "sha512-MG5r82wBzh7pSKDRa9y+vllNHz3e3d4CNj1PQE4BQYxLme0gKYYBm9YENq+UkEikyZ0XbiGWxYlVw3Rl9O/U8g==",
			"dev": true
		},
		"protobufjs": {
			"version": "6.10.1",
			"resolved": "https://registry.npmjs.org/protobufjs/-/protobufjs-6.10.1.tgz",
			"integrity": "sha512-pb8kTchL+1Ceg4lFd5XUpK8PdWacbvV5SK2ULH2ebrYtl4GjJmS24m6CKME67jzV53tbJxHlnNOSqQHbTsR9JQ==",
			"dev": true,
			"requires": {
				"@protobufjs/aspromise": "^1.1.2",
				"@protobufjs/base64": "^1.1.2",
				"@protobufjs/codegen": "^2.0.4",
				"@protobufjs/eventemitter": "^1.1.0",
				"@protobufjs/fetch": "^1.1.0",
				"@protobufjs/float": "^1.0.2",
				"@protobufjs/inquire": "^1.1.0",
				"@protobufjs/path": "^1.1.2",
				"@protobufjs/pool": "^1.1.0",
				"@protobufjs/utf8": "^1.1.0",
				"@types/long": "^4.0.1",
				"@types/node": "^13.7.0",
				"long": "^4.0.0"
			},
			"dependencies": {
				"@types/node": {
					"version": "13.13.16",
					"resolved": "https://registry.npmjs.org/@types/node/-/node-13.13.16.tgz",
					"integrity": "sha512-dJ9vXxJ8MEwzNn4GkoAGauejhXoKuJyYKegsA6Af25ZpEDXomeVXt5HUWUNVHk5UN7+U0f6ghC6otwt+7PdSDg==",
					"dev": true
				}
			}
		},
		"require-directory": {
			"version": "2.1.1",
			"resolved": "https://registry.npmjs.org/require-directory/-/require-directory-2.1.1.tgz",
			"integrity": "sha1-jGStX9MNqxyXbiNE/+f3kqam30I=",
			"dev": true
		},
		"require-main-filename": {
			"version": "2.0.0",
			"resolved": "https://registry.npmjs.org/require-main-filename/-/require-main-filename-2.0.0.tgz",
			"integrity": "sha512-NKN5kMDylKuldxYLSUfrbo5Tuzh4hd+2E8NPPX02mZtn1VuREQToYe/ZdlJy+J3uCpfaiGF05e7B8W0iXbQHmg==",
			"dev": true
		},
		"safe-buffer": {
			"version": "5.2.1",
			"resolved": "https://registry.npmjs.org/safe-buffer/-/safe-buffer-5.2.1.tgz",
			"integrity": "sha512-rp3So07KcdmmKbGvgaNxQSJr7bGVSVk5S9Eq1F+ppbRo70+YeaDxkw5Dd8NPN+GD6bjnYm2VuPuCXmpuYvmCXQ==",
			"dev": true
		},
		"safer-buffer": {
			"version": "2.1.2",
			"resolved": "https://registry.npmjs.org/safer-buffer/-/safer-buffer-2.1.2.tgz",
			"integrity": "sha512-YZo3K82SD7Riyi0E1EQPojLz7kpepnSQI9IyPbHHg1XXXevb5dJI7tpyN2ADxGcQbHG7vcyRHk0cbwqcQriUtg==",
			"dev": true
		},
		"semver": {
			"version": "6.3.0",
			"resolved": "https://registry.npmjs.org/semver/-/semver-6.3.0.tgz",
			"integrity": "sha512-b39TBaTSfV6yBrapU89p5fKekE2m/NwnDocOVruQFS1/veMgdzuPcnOM34M6CwxW8jH/lxEa5rBoDeUwu5HHTw==",
			"dev": true
		},
		"set-blocking": {
			"version": "2.0.0",
			"resolved": "https://registry.npmjs.org/set-blocking/-/set-blocking-2.0.0.tgz",
			"integrity": "sha1-BF+XgtARrppoA93TgrJDkrPYkPc=",
			"dev": true
		},
		"string-width": {
			"version": "4.2.0",
			"resolved": "https://registry.npmjs.org/string-width/-/string-width-4.2.0.tgz",
			"integrity": "sha512-zUz5JD+tgqtuDjMhwIg5uFVV3dtqZ9yQJlZVfq4I01/K5Paj5UHj7VyrQOJvzawSVlKpObApbfD0Ed6yJc+1eg==",
			"dev": true,
			"requires": {
				"emoji-regex": "^8.0.0",
				"is-fullwidth-code-point": "^3.0.0",
				"strip-ansi": "^6.0.0"
			}
		},
		"strip-ansi": {
			"version": "6.0.0",
			"resolved": "https://registry.npmjs.org/strip-ansi/-/strip-ansi-6.0.0.tgz",
			"integrity": "sha512-AuvKTrTfQNYNIctbR1K/YGTR1756GycPsg7b9bdV9Duqur4gv6aKqHXah67Z8ImS7WEz5QVcOtlfW2rZEugt6w==",
			"dev": true,
			"requires": {
				"ansi-regex": "^5.0.0"
			}
		},
		"ts-toolbelt": {
			"version": "6.12.2",
			"resolved": "https://registry.npmjs.org/ts-toolbelt/-/ts-toolbelt-6.12.2.tgz",
			"integrity": "sha512-Z9VWXJ32UpLrjw5OqieJ944heNN5gkVm69VLvVf9GgrdxoxPiM4ughyYFip6pIDqRnrVuiegMTD48zxnOW5j/Q=="
		},
		"tslib": {
			"version": "1.13.0",
			"resolved": "https://registry.npmjs.org/tslib/-/tslib-1.13.0.tgz",
			"integrity": "sha512-i/6DQjL8Xf3be4K/E6Wgpekn5Qasl1usyw++dAA35Ue5orEn65VIxOA+YvNNl9HV3qv70T7CNwjODHZrLwvd1Q==",
			"dev": true
		},
		"websocket-driver": {
			"version": "0.7.4",
			"resolved": "https://registry.npmjs.org/websocket-driver/-/websocket-driver-0.7.4.tgz",
			"integrity": "sha512-b17KeDIQVjvb0ssuSDF2cYXSg2iztliJ4B9WdsuB6J952qCPKmnVq4DyW5motImXHDC1cBT/1UezrJVsKw5zjg==",
			"dev": true,
			"requires": {
				"http-parser-js": ">=0.5.1",
				"safe-buffer": ">=5.1.0",
				"websocket-extensions": ">=0.1.1"
			}
		},
		"websocket-extensions": {
			"version": "0.1.4",
			"resolved": "https://registry.npmjs.org/websocket-extensions/-/websocket-extensions-0.1.4.tgz",
			"integrity": "sha512-OqedPIGOfsDlo31UNwYbCFMSaO9m9G/0faIHj5/dZFDMFqPTcx6UwqyOy3COEaEOg/9VsGIpdqn62W5KhoKSpg==",
			"dev": true
		},
		"whatwg-fetch": {
			"version": "3.4.0",
			"resolved": "https://registry.npmjs.org/whatwg-fetch/-/whatwg-fetch-3.4.0.tgz",
			"integrity": "sha512-rsum2ulz2iuZH08mJkT0Yi6JnKhwdw4oeyMjokgxd+mmqYSd9cPpOQf01TIWgjxG/U4+QR+AwKq6lSbXVxkyoQ==",
			"dev": true
		},
		"which-module": {
			"version": "2.0.0",
			"resolved": "https://registry.npmjs.org/which-module/-/which-module-2.0.0.tgz",
			"integrity": "sha1-2e8H3Od7mQK4o6j6SzHD4/fm6Ho=",
			"dev": true
		},
		"wrap-ansi": {
			"version": "6.2.0",
			"resolved": "https://registry.npmjs.org/wrap-ansi/-/wrap-ansi-6.2.0.tgz",
			"integrity": "sha512-r6lPcBGxZXlIcymEu7InxDMhdW0KDxpLgoFLcguasxCaJ/SOIZwINatK9KY/tf+ZrlywOKU0UDj3ATXUBfxJXA==",
			"dev": true,
			"requires": {
				"ansi-styles": "^4.0.0",
				"string-width": "^4.1.0",
				"strip-ansi": "^6.0.0"
			}
		},
		"xmlhttprequest": {
			"version": "1.8.0",
			"resolved": "https://registry.npmjs.org/xmlhttprequest/-/xmlhttprequest-1.8.0.tgz",
			"integrity": "sha1-Z/4HXFwk/vOfnWX197f+dRcZaPw=",
			"dev": true
		},
		"y18n": {
			"version": "4.0.0",
			"resolved": "https://registry.npmjs.org/y18n/-/y18n-4.0.0.tgz",
			"integrity": "sha512-r9S/ZyXu/Xu9q1tYlpsLIsa3EeLXXk0VwlxqTcFRfg9EhMW+17kbt9G0NrgCmhGb5vT2hyhJZLfDGx+7+5Uj/w==",
			"dev": true
		},
		"yallist": {
			"version": "4.0.0",
			"resolved": "https://registry.npmjs.org/yallist/-/yallist-4.0.0.tgz",
			"integrity": "sha512-3wdGidZyq5PB084XLES5TpOSRA3wjXAlIWMhum2kRcv/41Sn2emQ0dycQW4uZXLejwKvg6EsvbdlVL+FYEct7A==",
			"dev": true
		},
		"yargs": {
			"version": "15.4.1",
			"resolved": "https://registry.npmjs.org/yargs/-/yargs-15.4.1.tgz",
			"integrity": "sha512-aePbxDmcYW++PaqBsJ+HYUFwCdv4LVvdnhBy78E57PIor8/OVvhMrADFFEDh8DHDFRv/O9i3lPhsENjO7QX0+A==",
			"dev": true,
			"requires": {
				"cliui": "^6.0.0",
				"decamelize": "^1.2.0",
				"find-up": "^4.1.0",
				"get-caller-file": "^2.0.1",
				"require-directory": "^2.1.1",
				"require-main-filename": "^2.0.0",
				"set-blocking": "^2.0.0",
				"string-width": "^4.2.0",
				"which-module": "^2.0.0",
				"y18n": "^4.0.0",
				"yargs-parser": "^18.1.2"
			}
		},
		"yargs-parser": {
			"version": "18.1.3",
			"resolved": "https://registry.npmjs.org/yargs-parser/-/yargs-parser-18.1.3.tgz",
			"integrity": "sha512-o50j0JeToy/4K6OZcaQmW6lyXXKhq7csREXcDwk2omFPJEwUNOVtJKvmDr9EI1fAJZUyZcRF7kxGBWmRXudrCQ==",
			"dev": true,
			"requires": {
				"camelcase": "^5.0.0",
				"decamelize": "^1.2.0"
			}
		}
	}
}
