{
	"name": "@magnetarjs/test-utils",
	"version": "0.0.7",
	"lockfileVersion": 2,
	"requires": true,
	"packages": {
		"": {
			"name": "@magnetarjs/test-utils",
			"version": "0.0.6",
			"dependencies": {
				"copy-anything": "^2.0.3",
				"fast-sort": "^2.2.0",
				"filter-anything": "^2.2.1",
				"is-what": "^3.14.1",
				"merge-anything": "^4.0.1",
				"path-to-prop": "^1.0.0"
			}
		},
		"node_modules/copy-anything": {
			"version": "2.0.3",
			"resolved": "https://registry.npmjs.org/copy-anything/-/copy-anything-2.0.3.tgz",
			"integrity": "sha512-GK6QUtisv4fNS+XcI7shX0Gx9ORg7QqIznyfho79JTnX1XhLiyZHfftvGiziqzRiEi/Bjhgpi+D2o7HxJFPnDQ==",
			"dependencies": {
				"is-what": "^3.12.0"
			}
		},
		"node_modules/fast-sort": {
			"version": "2.2.0",
			"resolved": "https://registry.npmjs.org/fast-sort/-/fast-sort-2.2.0.tgz",
			"integrity": "sha512-W7zqnn2zsYoQA87FKmYtgOsbJohOrh7XrtZrCVHN5XZKqTBTv5UG+rSS3+iWbg/nepRQUOu+wnas8BwtK8kiCg=="
		},
		"node_modules/filter-anything": {
			"version": "2.2.1",
			"resolved": "https://registry.npmjs.org/filter-anything/-/filter-anything-2.2.1.tgz",
			"integrity": "sha512-x4LrdHQP7cqKo1ji4RIcUEUqHn4WmTXl9XFBLs+Qwjnmc2aQeJgOSYqTCDpxrcRbdeYBAGBMKXJzaXntfQqs+w==",
			"dependencies": {
				"is-what": "^3.14.1",
				"ts-toolbelt": "^9.5.10"
			}
		},
		"node_modules/is-what": {
			"version": "3.14.1",
			"resolved": "https://registry.npmjs.org/is-what/-/is-what-3.14.1.tgz",
			"integrity": "sha512-sNxgpk9793nzSs7bA6JQJGeIuRBQhAaNGG77kzYQgMkrID+lS6SlK07K5LaptscDlSaIgH+GPFzf+d75FVxozA=="
		},
		"node_modules/merge-anything": {
			"version": "4.0.1",
			"resolved": "https://registry.npmjs.org/merge-anything/-/merge-anything-4.0.1.tgz",
			"integrity": "sha512-KsFjBYc3juDoHz9Vzd5fte1nqp06H8SQ+yU344Dd0ZunwSgtltnC0kgKds8cbocJGyViLcBQuHkitbDXAqW+LQ==",
			"dependencies": {
				"is-what": "^3.14.1",
				"ts-toolbelt": "^9.3.12"
			}
		},
		"node_modules/path-to-prop": {
			"version": "1.0.0",
			"resolved": "https://registry.npmjs.org/path-to-prop/-/path-to-prop-1.0.0.tgz",
			"integrity": "sha512-iZMpEadLcydaq6OxyftMKbXzjOIi3xff0V1xNZd6coh1OA1mG6yp0aFjMuA2YqDeaH5u/7DGMoscy5vlswyAoA=="
		},
		"node_modules/ts-toolbelt": {
			"version": "9.6.0",
			"resolved": "https://registry.npmjs.org/ts-toolbelt/-/ts-toolbelt-9.6.0.tgz",
			"integrity": "sha512-nsZd8ZeNUzukXPlJmTBwUAuABDe/9qtVDelJeT/qW0ow3ZS3BsQJtNkan1802aM9Uf68/Y8ljw86Hu0h5IUW3w=="
		}
	},
	"dependencies": {
		"copy-anything": {
			"version": "2.0.3",
			"resolved": "https://registry.npmjs.org/copy-anything/-/copy-anything-2.0.3.tgz",
			"integrity": "sha512-GK6QUtisv4fNS+XcI7shX0Gx9ORg7QqIznyfho79JTnX1XhLiyZHfftvGiziqzRiEi/Bjhgpi+D2o7HxJFPnDQ==",
			"requires": {
				"is-what": "^3.12.0"
			}
		},
		"fast-sort": {
			"version": "2.2.0",
			"resolved": "https://registry.npmjs.org/fast-sort/-/fast-sort-2.2.0.tgz",
			"integrity": "sha512-W7zqnn2zsYoQA87FKmYtgOsbJohOrh7XrtZrCVHN5XZKqTBTv5UG+rSS3+iWbg/nepRQUOu+wnas8BwtK8kiCg=="
		},
		"filter-anything": {
			"version": "2.2.1",
			"resolved": "https://registry.npmjs.org/filter-anything/-/filter-anything-2.2.1.tgz",
			"integrity": "sha512-x4LrdHQP7cqKo1ji4RIcUEUqHn4WmTXl9XFBLs+Qwjnmc2aQeJgOSYqTCDpxrcRbdeYBAGBMKXJzaXntfQqs+w==",
			"requires": {
				"is-what": "^3.14.1",
				"ts-toolbelt": "^9.5.10"
			}
		},
		"is-what": {
			"version": "3.14.1",
			"resolved": "https://registry.npmjs.org/is-what/-/is-what-3.14.1.tgz",
			"integrity": "sha512-sNxgpk9793nzSs7bA6JQJGeIuRBQhAaNGG77kzYQgMkrID+lS6SlK07K5LaptscDlSaIgH+GPFzf+d75FVxozA=="
		},
		"merge-anything": {
			"version": "4.0.1",
			"resolved": "https://registry.npmjs.org/merge-anything/-/merge-anything-4.0.1.tgz",
			"integrity": "sha512-KsFjBYc3juDoHz9Vzd5fte1nqp06H8SQ+yU344Dd0ZunwSgtltnC0kgKds8cbocJGyViLcBQuHkitbDXAqW+LQ==",
			"requires": {
				"is-what": "^3.14.1",
				"ts-toolbelt": "^9.3.12"
			}
		},
		"path-to-prop": {
			"version": "1.0.0",
			"resolved": "https://registry.npmjs.org/path-to-prop/-/path-to-prop-1.0.0.tgz",
			"integrity": "sha512-iZMpEadLcydaq6OxyftMKbXzjOIi3xff0V1xNZd6coh1OA1mG6yp0aFjMuA2YqDeaH5u/7DGMoscy5vlswyAoA=="
		},
		"ts-toolbelt": {
			"version": "9.6.0",
			"resolved": "https://registry.npmjs.org/ts-toolbelt/-/ts-toolbelt-9.6.0.tgz",
			"integrity": "sha512-nsZd8ZeNUzukXPlJmTBwUAuABDe/9qtVDelJeT/qW0ow3ZS3BsQJtNkan1802aM9Uf68/Y8ljw86Hu0h5IUW3w=="
		}
	}
}
